// !$*UTF8*$!
{
	archiveVersion = 1;
	classes = {
	};
	objectVersion = 50;
	objects = {

/* Begin PBXBuildFile section */
		174BD986224979B600C7D48A /* MonteCarloKit.framework in Frameworks */ = {isa = PBXBuildFile; fileRef = 174BD985224979B600C7D48A /* MonteCarloKit.framework */; };
		174BD987224979B600C7D48A /* MonteCarloKit.framework in Embed Frameworks */ = {isa = PBXBuildFile; fileRef = 174BD985224979B600C7D48A /* MonteCarloKit.framework */; settings = {ATTRIBUTES = (CodeSignOnCopy, RemoveHeadersOnCopy, ); }; };
		17CA466A221027C000E7A6BD /* AppDelegate.m in Sources */ = {isa = PBXBuildFile; fileRef = 17CA4669221027C000E7A6BD /* AppDelegate.m */; };
		17CA466D221027C000E7A6BD /* MainViewController.m in Sources */ = {isa = PBXBuildFile; fileRef = 17CA466C221027C000E7A6BD /* MainViewController.m */; };
		17CA4670221027C000E7A6BD /* Main.storyboard in Resources */ = {isa = PBXBuildFile; fileRef = 17CA466E221027C000E7A6BD /* Main.storyboard */; };
		17CA4672221027C300E7A6BD /* Assets.xcassets in Resources */ = {isa = PBXBuildFile; fileRef = 17CA4671221027C300E7A6BD /* Assets.xcassets */; };
		17CA4675221027C300E7A6BD /* LaunchScreen.storyboard in Resources */ = {isa = PBXBuildFile; fileRef = 17CA4673221027C300E7A6BD /* LaunchScreen.storyboard */; };
		17CA4678221027C300E7A6BD /* main.m in Sources */ = {isa = PBXBuildFile; fileRef = 17CA4677221027C300E7A6BD /* main.m */; };
		17CA4681221029C100E7A6BD /* SpriteKit.framework in Frameworks */ = {isa = PBXBuildFile; fileRef = 17CA4680221029C100E7A6BD /* SpriteKit.framework */; };
		17CA468422102A3800E7A6BD /* PSSpriteShapeNode.m in Sources */ = {isa = PBXBuildFile; fileRef = 17CA468322102A3800E7A6BD /* PSSpriteShapeNode.m */; };
		17CA46882210307C00E7A6BD /* PSMainScene.m in Sources */ = {isa = PBXBuildFile; fileRef = 17CA46872210307C00E7A6BD /* PSMainScene.m */; };
		17CA468B221859B600E7A6BD /* PSButtonShapeNode.m in Sources */ = {isa = PBXBuildFile; fileRef = 17CA468A221859B600E7A6BD /* PSButtonShapeNode.m */; };
/* End PBXBuildFile section */

/* Begin PBXCopyFilesBuildPhase section */
		174BD988224979B600C7D48A /* Embed Frameworks */ = {
			isa = PBXCopyFilesBuildPhase;
			buildActionMask = 2147483647;
			dstPath = "";
			dstSubfolderSpec = 10;
			files = (
				174BD987224979B600C7D48A /* MonteCarloKit.framework in Embed Frameworks */,
			);
			name = "Embed Frameworks";
			runOnlyForDeploymentPostprocessing = 0;
		};
/* End PBXCopyFilesBuildPhase section */

/* Begin PBXFileReference section */
		174BD985224979B600C7D48A /* MonteCarloKit.framework */ = {isa = PBXFileReference; lastKnownFileType = wrapper.framework; path = MonteCarloKit.framework; sourceTree = "<group>"; };
		17CA4665221027C000E7A6BD /* MCPiSim.app */ = {isa = PBXFileReference; explicitFileType = wrapper.application; includeInIndex = 0; path = MCPiSim.app; sourceTree = BUILT_PRODUCTS_DIR; };
		17CA4668221027C000E7A6BD /* AppDelegate.h */ = {isa = PBXFileReference; lastKnownFileType = sourcecode.c.h; path = AppDelegate.h; sourceTree = "<group>"; };
		17CA4669221027C000E7A6BD /* AppDelegate.m */ = {isa = PBXFileReference; lastKnownFileType = sourcecode.c.objc; path = AppDelegate.m; sourceTree = "<group>"; };
		17CA466B221027C000E7A6BD /* MainViewController.h */ = {isa = PBXFileReference; lastKnownFileType = sourcecode.c.h; path = MainViewController.h; sourceTree = "<group>"; };
		17CA466C221027C000E7A6BD /* MainViewController.m */ = {isa = PBXFileReference; lastKnownFileType = sourcecode.c.objc; path = MainViewController.m; sourceTree = "<group>"; };
		17CA466F221027C000E7A6BD /* Base */ = {isa = PBXFileReference; lastKnownFileType = file.storyboard; name = Base; path = Base.lproj/Main.storyboard; sourceTree = "<group>"; };
		17CA4671221027C300E7A6BD /* Assets.xcassets */ = {isa = PBXFileReference; lastKnownFileType = folder.assetcatalog; path = Assets.xcassets; sourceTree = "<group>"; };
		17CA4674221027C300E7A6BD /* Base */ = {isa = PBXFileReference; lastKnownFileType = file.storyboard; name = Base; path = Base.lproj/LaunchScreen.storyboard; sourceTree = "<group>"; };
		17CA4676221027C300E7A6BD /* Info.plist */ = {isa = PBXFileReference; lastKnownFileType = text.plist.xml; path = Info.plist; sourceTree = "<group>"; };
		17CA4677221027C300E7A6BD /* main.m */ = {isa = PBXFileReference; lastKnownFileType = sourcecode.c.objc; path = main.m; sourceTree = "<group>"; };
		17CA4680221029C100E7A6BD /* SpriteKit.framework */ = {isa = PBXFileReference; lastKnownFileType = wrapper.framework; name = SpriteKit.framework; path = System/Library/Frameworks/SpriteKit.framework; sourceTree = SDKROOT; };
		17CA468222102A3800E7A6BD /* PSSpriteShapeNode.h */ = {isa = PBXFileReference; lastKnownFileType = sourcecode.c.h; path = PSSpriteShapeNode.h; sourceTree = "<group>"; };
		17CA468322102A3800E7A6BD /* PSSpriteShapeNode.m */ = {isa = PBXFileReference; lastKnownFileType = sourcecode.c.objc; path = PSSpriteShapeNode.m; sourceTree = "<group>"; };
		17CA46862210307C00E7A6BD /* PSMainScene.h */ = {isa = PBXFileReference; lastKnownFileType = sourcecode.c.h; path = PSMainScene.h; sourceTree = "<group>"; };
		17CA46872210307C00E7A6BD /* PSMainScene.m */ = {isa = PBXFileReference; lastKnownFileType = sourcecode.c.objc; path = PSMainScene.m; sourceTree = "<group>"; };
		17CA4689221859B600E7A6BD /* PSButtonShapeNode.h */ = {isa = PBXFileReference; lastKnownFileType = sourcecode.c.h; path = PSButtonShapeNode.h; sourceTree = "<group>"; };
		17CA468A221859B600E7A6BD /* PSButtonShapeNode.m */ = {isa = PBXFileReference; lastKnownFileType = sourcecode.c.objc; path = PSButtonShapeNode.m; sourceTree = "<group>"; };
/* End PBXFileReference section */

/* Begin PBXFrameworksBuildPhase section */
		17CA4662221027C000E7A6BD /* Frameworks */ = {
			isa = PBXFrameworksBuildPhase;
			buildActionMask = 2147483647;
			files = (
				17CA4681221029C100E7A6BD /* SpriteKit.framework in Frameworks */,
				174BD986224979B600C7D48A /* MonteCarloKit.framework in Frameworks */,
			);
			runOnlyForDeploymentPostprocessing = 0;
		};
/* End PBXFrameworksBuildPhase section */

/* Begin PBXGroup section */
		17CA465C221027C000E7A6BD = {
			isa = PBXGroup;
			children = (
				174BD985224979B600C7D48A /* MonteCarloKit.framework */,
				17CA4667221027C000E7A6BD /* MCPiSim */,
				17CA4666221027C000E7A6BD /* Products */,
				17CA467F221029C100E7A6BD /* Frameworks */,
			);
			sourceTree = "<group>";
		};
		17CA4666221027C000E7A6BD /* Products */ = {
			isa = PBXGroup;
			children = (
				17CA4665221027C000E7A6BD /* MCPiSim.app */,
			);
			name = Products;
			sourceTree = "<group>";
		};
		17CA4667221027C000E7A6BD /* MCPiSim */ = {
			isa = PBXGroup;
			children = (
				17CA46852210302F00E7A6BD /* scenes */,
				17CA467E2210284100E7A6BD /* models */,
				17CA4668221027C000E7A6BD /* AppDelegate.h */,
				17CA4669221027C000E7A6BD /* AppDelegate.m */,
				17CA466B221027C000E7A6BD /* MainViewController.h */,
				17CA466C221027C000E7A6BD /* MainViewController.m */,
				17CA466E221027C000E7A6BD /* Main.storyboard */,
				17CA4671221027C300E7A6BD /* Assets.xcassets */,
				17CA4673221027C300E7A6BD /* LaunchScreen.storyboard */,
				17CA4676221027C300E7A6BD /* Info.plist */,
				17CA4677221027C300E7A6BD /* main.m */,
				17CA4689221859B600E7A6BD /* PSButtonShapeNode.h */,
				17CA468A221859B600E7A6BD /* PSButtonShapeNode.m */,
			);
			path = MCPiSim;
			sourceTree = "<group>";
		};
		17CA467E2210284100E7A6BD /* models */ = {
			isa = PBXGroup;
			children = (
				17CA468222102A3800E7A6BD /* PSSpriteShapeNode.h */,
				17CA468322102A3800E7A6BD /* PSSpriteShapeNode.m */,
			);
			name = models;
			sourceTree = "<group>";
		};
		17CA467F221029C100E7A6BD /* Frameworks */ = {
			isa = PBXGroup;
			children = (
				17CA4680221029C100E7A6BD /* SpriteKit.framework */,
			);
			name = Frameworks;
			sourceTree = "<group>";
		};
		17CA46852210302F00E7A6BD /* scenes */ = {
			isa = PBXGroup;
			children = (
				17CA46862210307C00E7A6BD /* PSMainScene.h */,
				17CA46872210307C00E7A6BD /* PSMainScene.m */,
			);
			name = scenes;
			sourceTree = "<group>";
		};
/* End PBXGroup section */

/* Begin PBXNativeTarget section */
		17CA4664221027C000E7A6BD /* MCPiSim */ = {
			isa = PBXNativeTarget;
			buildConfigurationList = 17CA467B221027C300E7A6BD /* Build configuration list for PBXNativeTarget "MCPiSim" */;
			buildPhases = (
				17CA4661221027C000E7A6BD /* Sources */,
				17CA4662221027C000E7A6BD /* Frameworks */,
				17CA4663221027C000E7A6BD /* Resources */,
				174BD988224979B600C7D48A /* Embed Frameworks */,
			);
			buildRules = (
			);
			dependencies = (
			);
			name = MCPiSim;
			productName = MCPiSim;
			productReference = 17CA4665221027C000E7A6BD /* MCPiSim.app */;
			productType = "com.apple.product-type.application";
		};
/* End PBXNativeTarget section */

/* Begin PBXProject section */
		17CA465D221027C000E7A6BD /* Project object */ = {
			isa = PBXProject;
			attributes = {
				LastUpgradeCheck = 1010;
				ORGANIZATIONNAME = "Philipp Schunker";
				TargetAttributes = {
					17CA4664221027C000E7A6BD = {
						CreatedOnToolsVersion = 10.1;
					};
				};
			};
			buildConfigurationList = 17CA4660221027C000E7A6BD /* Build configuration list for PBXProject "MCPiSim" */;
			compatibilityVersion = "Xcode 9.3";
			developmentRegion = en;
			hasScannedForEncodings = 0;
			knownRegions = (
				en,
				Base,
			);
			mainGroup = 17CA465C221027C000E7A6BD;
			productRefGroup = 17CA4666221027C000E7A6BD /* Products */;
			projectDirPath = "";
			projectRoot = "";
			targets = (
				17CA4664221027C000E7A6BD /* MCPiSim */,
			);
		};
/* End PBXProject section */

/* Begin PBXResourcesBuildPhase section */
		17CA4663221027C000E7A6BD /* Resources */ = {
			isa = PBXResourcesBuildPhase;
			buildActionMask = 2147483647;
			files = (
				17CA4675221027C300E7A6BD /* LaunchScreen.storyboard in Resources */,
				17CA4672221027C300E7A6BD /* Assets.xcassets in Resources */,
				17CA4670221027C000E7A6BD /* Main.storyboard in Resources */,
			);
			runOnlyForDeploymentPostprocessing = 0;
		};
/* End PBXResourcesBuildPhase section */

/* Begin PBXSourcesBuildPhase section */
		17CA4661221027C000E7A6BD /* Sources */ = {
			isa = PBXSourcesBuildPhase;
			buildActionMask = 2147483647;
			files = (
				17CA468B221859B600E7A6BD /* PSButtonShapeNode.m in Sources */,
				17CA466D221027C000E7A6BD /* MainViewController.m in Sources */,
				17CA4678221027C300E7A6BD /* main.m in Sources */,
				17CA46882210307C00E7A6BD /* PSMainScene.m in Sources */,
				17CA466A221027C000E7A6BD /* AppDelegate.m in Sources */,
				17CA468422102A3800E7A6BD /* PSSpriteShapeNode.m in Sources */,
			);
			runOnlyForDeploymentPostprocessing = 0;
		};
/* End PBXSourcesBuildPhase section */

/* Begin PBXVariantGroup section */
		17CA466E221027C000E7A6BD /* Main.storyboard */ = {
			isa = PBXVariantGroup;
			children = (
				17CA466F221027C000E7A6BD /* Base */,
			);
			name = Main.storyboard;
			sourceTree = "<group>";
		};
		17CA4673221027C300E7A6BD /* LaunchScreen.storyboard */ = {
			isa = PBXVariantGroup;
			children = (
				17CA4674221027C300E7A6BD /* Base */,
			);
			name = LaunchScreen.storyboard;
			sourceTree = "<group>";
		};
/* End PBXVariantGroup section */

/* Begin XCBuildConfiguration section */
		17CA4679221027C300E7A6BD /* Debug */ = {
			isa = XCBuildConfiguration;
			buildSettings = {
				ALWAYS_SEARCH_USER_PATHS = NO;
				CLANG_ANALYZER_NONNULL = YES;
				CLANG_ANALYZER_NUMBER_OBJECT_CONVERSION = YES_AGGRESSIVE;
				CLANG_CXX_LANGUAGE_STANDARD = "gnu++14";
				CLANG_CXX_LIBRARY = "libc++";
				CLANG_ENABLE_MODULES = YES;
				CLANG_ENABLE_OBJC_ARC = YES;
				CLANG_ENABLE_OBJC_WEAK = YES;
				CLANG_WARN_BLOCK_CAPTURE_AUTORELEASING = YES;
				CLANG_WARN_BOOL_CONVERSION = YES;
				CLANG_WARN_COMMA = YES;
				CLANG_WARN_CONSTANT_CONVERSION = YES;
				CLANG_WARN_DEPRECATED_OBJC_IMPLEMENTATIONS = YES;
				CLANG_WARN_DIRECT_OBJC_ISA_USAGE = YES_ERROR;
				CLANG_WARN_DOCUMENTATION_COMMENTS = YES;
				CLANG_WARN_EMPTY_BODY = YES;
				CLANG_WARN_ENUM_CONVERSION = YES;
				CLANG_WARN_INFINITE_RECURSION = YES;
				CLANG_WARN_INT_CONVERSION = YES;
				CLANG_WARN_NON_LITERAL_NULL_CONVERSION = YES;
				CLANG_WARN_OBJC_IMPLICIT_RETAIN_SELF = YES;
				CLANG_WARN_OBJC_LITERAL_CONVERSION = YES;
				CLANG_WARN_OBJC_ROOT_CLASS = YES_ERROR;
				CLANG_WARN_RANGE_LOOP_ANALYSIS = YES;
				CLANG_WARN_STRICT_PROTOTYPES = YES;
				CLANG_WARN_SUSPICIOUS_MOVE = YES;
				CLANG_WARN_UNGUARDED_AVAILABILITY = YES_AGGRESSIVE;
				CLANG_WARN_UNREACHABLE_CODE = YES;
				CLANG_WARN__DUPLICATE_METHOD_MATCH = YES;
				CODE_SIGN_IDENTITY = "iPhone Developer";
				COPY_PHASE_STRIP = NO;
				DEBUG_INFORMATION_FORMAT = dwarf;
				ENABLE_STRICT_OBJC_MSGSEND = YES;
				ENABLE_TESTABILITY = YES;
				GCC_C_LANGUAGE_STANDARD = gnu11;
				GCC_DYNAMIC_NO_PIC = NO;
				GCC_NO_COMMON_BLOCKS = YES;
				GCC_OPTIMIZATION_LEVEL = 0;
				GCC_PREPROCESSOR_DEFINITIONS = (
					"DEBUG=1",
					"$(inherited)",
				);
				GCC_WARN_64_TO_32_BIT_CONVERSION = YES;
				GCC_WARN_ABOUT_RETURN_TYPE = YES_ERROR;
				GCC_WARN_UNDECLARED_SELECTOR = YES;
				GCC_WARN_UNINITIALIZED_AUTOS = YES_AGGRESSIVE;
				GCC_WARN_UNUSED_FUNCTION = YES;
				GCC_WARN_UNUSED_VARIABLE = YES;
				IPHONEOS_DEPLOYMENT_TARGET = 12.1;
				MTL_ENABLE_DEBUG_INFO = INCLUDE_SOURCE;
				MTL_FAST_MATH = YES;
				ONLY_ACTIVE_ARCH = YES;
				SDKROOT = iphoneos;
			};
			name = Debug;
		};
		17CA467A221027C300E7A6BD /* Release */ = {
			isa = XCBuildConfiguration;
			buildSettings = {
				ALWAYS_SEARCH_USER_PATHS = NO;
				CLANG_ANALYZER_NONNULL = YES;
				CLANG_ANALYZER_NUMBER_OBJECT_CONVERSION = YES_AGGRESSIVE;
				CLANG_CXX_LANGUAGE_STANDARD = "gnu++14";
				CLANG_CXX_LIBRARY = "libc++";
				CLANG_ENABLE_MODULES = YES;
				CLANG_ENABLE_OBJC_ARC = YES;
				CLANG_ENABLE_OBJC_WEAK = YES;
				CLANG_WARN_BLOCK_CAPTURE_AUTORELEASING = YES;
				CLANG_WARN_BOOL_CONVERSION = YES;
				CLANG_WARN_COMMA = YES;
				CLANG_WARN_CONSTANT_CONVERSION = YES;
				CLANG_WARN_DEPRECATED_OBJC_IMPLEMENTATIONS = YES;
				CLANG_WARN_DIRECT_OBJC_ISA_USAGE = YES_ERROR;
				CLANG_WARN_DOCUMENTATION_COMMENTS = YES;
				CLANG_WARN_EMPTY_BODY = YES;
				CLANG_WARN_ENUM_CONVERSION = YES;
				CLANG_WARN_INFINITE_RECURSION = YES;
				CLANG_WARN_INT_CONVERSION = YES;
				CLANG_WARN_NON_LITERAL_NULL_CONVERSION = YES;
				CLANG_WARN_OBJC_IMPLICIT_RETAIN_SELF = YES;
				CLANG_WARN_OBJC_LITERAL_CONVERSION = YES;
				CLANG_WARN_OBJC_ROOT_CLASS = YES_ERROR;
				CLANG_WARN_RANGE_LOOP_ANALYSIS = YES;
				CLANG_WARN_STRICT_PROTOTYPES = YES;
				CLANG_WARN_SUSPICIOUS_MOVE = YES;
				CLANG_WARN_UNGUARDED_AVAILABILITY = YES_AGGRESSIVE;
				CLANG_WARN_UNREACHABLE_CODE = YES;
				CLANG_WARN__DUPLICATE_METHOD_MATCH = YES;
				CODE_SIGN_IDENTITY = "iPhone Developer";
				COPY_PHASE_STRIP = NO;
				DEBUG_INFORMATION_FORMAT = "dwarf-with-dsym";
				ENABLE_NS_ASSERTIONS = NO;
				ENABLE_STRICT_OBJC_MSGSEND = YES;
				GCC_C_LANGUAGE_STANDARD = gnu11;
				GCC_NO_COMMON_BLOCKS = YES;
				GCC_WARN_64_TO_32_BIT_CONVERSION = YES;
				GCC_WARN_ABOUT_RETURN_TYPE = YES_ERROR;
				GCC_WARN_UNDECLARED_SELECTOR = YES;
				GCC_WARN_UNINITIALIZED_AUTOS = YES_AGGRESSIVE;
				GCC_WARN_UNUSED_FUNCTION = YES;
				GCC_WARN_UNUSED_VARIABLE = YES;
				IPHONEOS_DEPLOYMENT_TARGET = 12.1;
				MTL_ENABLE_DEBUG_INFO = NO;
				MTL_FAST_MATH = YES;
				SDKROOT = iphoneos;
				VALIDATE_PRODUCT = YES;
			};
			name = Release;
		};
		17CA467C221027C300E7A6BD /* Debug */ = {
			isa = XCBuildConfiguration;
			buildSettings = {
				ASSETCATALOG_COMPILER_APPICON_NAME = AppIcon;
				CODE_SIGN_STYLE = Automatic;
				DEVELOPMENT_TEAM = BR2M9RRNF6;
				FRAMEWORK_SEARCH_PATHS = (
					"$(inherited)",
					"$(PROJECT_DIR)",
				);
				INFOPLIST_FILE = MCPiSim/Info.plist;
				IPHONEOS_DEPLOYMENT_TARGET = 12.0;
				LD_RUNPATH_SEARCH_PATHS = (
					"$(inherited)",
					"@executable_path/Frameworks",
				);
				PRODUCT_BUNDLE_IDENTIFIER = at.ps.MCPiSim;
				PRODUCT_NAME = "$(TARGET_NAME)";
				TARGETED_DEVICE_FAMILY = "1,2";
			};
			name = Debug;
		};
		17CA467D221027C300E7A6BD /* Release */ = {
			isa = XCBuildConfiguration;
			buildSettings = {
				ASSETCATALOG_COMPILER_APPICON_NAME = AppIcon;
				CODE_SIGN_STYLE = Automatic;
				DEVELOPMENT_TEAM = BR2M9RRNF6;
				FRAMEWORK_SEARCH_PATHS = (
					"$(inherited)",
					"$(PROJECT_DIR)",
				);
				INFOPLIST_FILE = MCPiSim/Info.plist;
				IPHONEOS_DEPLOYMENT_TARGET = 12.0;
				LD_RUNPATH_SEARCH_PATHS = (
					"$(inherited)",
					"@executable_path/Frameworks",
				);
				PRODUCT_BUNDLE_IDENTIFIER = at.ps.MCPiSim;
				PRODUCT_NAME = "$(TARGET_NAME)";
				TARGETED_DEVICE_FAMILY = "1,2";
			};
			name = Release;
		};
/* End XCBuildConfiguration section */

/* Begin XCConfigurationList section */
		17CA4660221027C000E7A6BD /* Build configuration list for PBXProject "MCPiSim" */ = {
			isa = XCConfigurationList;
			buildConfigurations = (
				17CA4679221027C300E7A6BD /* Debug */,
				17CA467A221027C300E7A6BD /* Release */,
			);
			defaultConfigurationIsVisible = 0;
			defaultConfigurationName = Release;
		};
		17CA467B221027C300E7A6BD /* Build configuration list for PBXNativeTarget "MCPiSim" */ = {
			isa = XCConfigurationList;
			buildConfigurations = (
				17CA467C221027C300E7A6BD /* Debug */,
				17CA467D221027C300E7A6BD /* Release */,
			);
			defaultConfigurationIsVisible = 0;
			defaultConfigurationName = Release;
		};
/* End XCConfigurationList section */
	};
	rootObject = 17CA465D221027C000E7A6BD /* Project object */;
}
